
Microsoft Visual Studio Solution File, Format Version 12.00
# Visual Studio Version 17
VisualStudioVersion = 17.4.33213.308
MinimumVisualStudioVersion = 10.0.40219.1
Project("{9A19103F-16F7-4668-BE54-9A1E7A4F7556}") = "AM.UI.Console", "AM.UI.Console\AM.UI.Console.csproj", "{DD820407-057B-4925-9EB2-7646120C6902}"
EndProject
Project("{9A19103F-16F7-4668-BE54-9A1E7A4F7556}") = "AM.ApplicationCore", "AM.ApplicationCore\AM.ApplicationCore.csproj", "{D472C008-1C2E-4DE8-B65C-F0CD96484098}"
EndProject
Project("{FAE04EC0-301F-11D3-BF4B-00C04F79EFBC}") = "AM.Infrastructure", "AM.Infrastructure\AM.Infrastructure.csproj", "{0A53ABFA-24F2-4A4F-A4C5-41D39F682DFD}"
EndProject
Global
	GlobalSection(SolutionConfigurationPlatforms) = preSolution
		Debug|Any CPU = Debug|Any CPU
		Release|Any CPU = Release|Any CPU
	EndGlobalSection
	GlobalSection(ProjectConfigurationPlatforms) = postSolution
		{DD820407-057B-4925-9EB2-7646120C6902}.Debug|Any CPU.ActiveCfg = Debug|Any CPU
		{DD820407-057B-4925-9EB2-7646120C6902}.Debug|Any CPU.Build.0 = Debug|Any CPU
		{DD820407-057B-4925-9EB2-7646120C6902}.Release|Any CPU.ActiveCfg = Release|Any CPU
		{DD820407-057B-4925-9EB2-7646120C6902}.Release|Any CPU.Build.0 = Release|Any CPU
		{D472C008-1C2E-4DE8-B65C-F0CD96484098}.Debug|Any CPU.ActiveCfg = Debug|Any CPU
		{D472C008-1C2E-4DE8-B65C-F0CD96484098}.Debug|Any CPU.Build.0 = Debug|Any CPU
		{D472C008-1C2E-4DE8-B65C-F0CD96484098}.Release|Any CPU.ActiveCfg = Release|Any CPU
		{D472C008-1C2E-4DE8-B65C-F0CD96484098}.Release|Any CPU.Build.0 = Release|Any CPU
		{0A53ABFA-24F2-4A4F-A4C5-41D39F682DFD}.Debug|Any CPU.ActiveCfg = Debug|Any CPU
		{0A53ABFA-24F2-4A4F-A4C5-41D39F682DFD}.Debug|Any CPU.Build.0 = Debug|Any CPU
		{0A53ABFA-24F2-4A4F-A4C5-41D39F682DFD}.Release|Any CPU.ActiveCfg = Release|Any CPU
		{0A53ABFA-24F2-4A4F-A4C5-41D39F682DFD}.Release|Any CPU.Build.0 = Release|Any CPU
	EndGlobalSection
	GlobalSection(SolutionProperties) = preSolution
		HideSolutionNode = FALSE
	EndGlobalSection
	GlobalSection(ExtensibilityGlobals) = postSolution
		SolutionGuid = {7462072E-017A-4805-8324-17788040F73D}
	EndGlobalSection
EndGlobal
